
Microsoft Visual Studio Solution File, Format Version 12.00
# Visual Studio Version 17
VisualStudioVersion = 17.9.34701.34
MinimumVisualStudioVersion = 10.0.40219.1
Project("{9A19103F-16F7-4668-BE54-9A1E7A4F7556}") = "Dawnsbury.Mods.Remaster.HideLegacySpells", "Dawnsbury.Mods.Remaster.HideLegacySpells.csproj", "{F370CEA0-E749-4666-95BE-5346A02D9D79}"
EndProject
Global
	GlobalSection(SolutionConfigurationPlatforms) = preSolution
		Debug|Any CPU = Debug|Any CPU
		Release|Any CPU = Release|Any CPU
	EndGlobalSection
	GlobalSection(ProjectConfigurationPlatforms) = postSolution
		{F370CEA0-E749-4666-95BE-5346A02D9D79}.Debug|Any CPU.ActiveCfg = Debug|Any CPU
		{F370CEA0-E749-4666-95BE-5346A02D9D79}.Debug|Any CPU.Build.0 = Debug|Any CPU
		{F370CEA0-E749-4666-95BE-5346A02D9D79}.Release|Any CPU.ActiveCfg = Release|Any CPU
		{F370CEA0-E749-4666-95BE-5346A02D9D79}.Release|Any CPU.Build.0 = Release|Any CPU
	EndGlobalSection
	GlobalSection(SolutionProperties) = preSolution
		HideSolutionNode = FALSE
	EndGlobalSection
	GlobalSection(ExtensibilityGlobals) = postSolution
		SolutionGuid = {A376563E-A464-42E0-9A15-46B6C32DD402}
	EndGlobalSection
EndGlobal
